
Microsoft Visual Studio Solution File, Format Version 12.00
Project("{FAE04EC0-301F-11D3-BF4B-00C04F79EFBC}") = "Jellyfin.Plugin.MetaTube", "Jellyfin.Plugin.MetaTube\Jellyfin.Plugin.MetaTube.csproj", "{DD1CDA77-5286-454A-BDCD-866FBE15E740}"
EndProject
Global
	GlobalSection(SolutionConfigurationPlatforms) = preSolution
		Debug|Any CPU = Debug|Any CPU
		Release|Any CPU = Release|Any CPU
		Debug.Emby6|Any CPU = Debug.Emby6|Any CPU
		Release.Emby6|Any CPU = Release.Emby6|Any CPU
		Debug.Emby8|Any CPU = Debug.Emby8|Any CPU
		Release.Emby8|Any CPU = Release.Emby8|Any CPU
	EndGlobalSection
	GlobalSection(ProjectConfigurationPlatforms) = postSolution
		{DD1CDA77-5286-454A-BDCD-866FBE15E740}.Debug|Any CPU.ActiveCfg = Debug|Any CPU
		{DD1CDA77-5286-454A-BDCD-866FBE15E740}.Debug|Any CPU.Build.0 = Debug|Any CPU
		{DD1CDA77-5286-454A-BDCD-866FBE15E740}.Release|Any CPU.ActiveCfg = Release|Any CPU
		{DD1CDA77-5286-454A-BDCD-866FBE15E740}.Release|Any CPU.Build.0 = Release|Any CPU
		{DD1CDA77-5286-454A-BDCD-866FBE15E740}.Debug.Emby6|Any CPU.ActiveCfg = Debug.Emby6|Any CPU
		{DD1CDA77-5286-454A-BDCD-866FBE15E740}.Debug.Emby6|Any CPU.Build.0 = Debug.Emby6|Any CPU
		{DD1CDA77-5286-454A-BDCD-866FBE15E740}.Release.Emby6|Any CPU.ActiveCfg = Release.Emby6|Any CPU
		{DD1CDA77-5286-454A-BDCD-866FBE15E740}.Release.Emby6|Any CPU.Build.0 = Release.Emby6|Any CPU
		{DD1CDA77-5286-454A-BDCD-866FBE15E740}.Debug.Emby8|Any CPU.ActiveCfg = Debug.Emby8|Any CPU
		{DD1CDA77-5286-454A-BDCD-866FBE15E740}.Debug.Emby8|Any CPU.Build.0 = Debug.Emby8|Any CPU
		{DD1CDA77-5286-454A-BDCD-866FBE15E740}.Release.Emby8|Any CPU.ActiveCfg = Release.Emby8|Any CPU
		{DD1CDA77-5286-454A-BDCD-866FBE15E740}.Release.Emby8|Any CPU.Build.0 = Release.Emby8|Any CPU
	EndGlobalSection
EndGlobal
